// !$*UTF8*$!
{
	archiveVersion = 1;
	classes = {
	};
	objectVersion = 48;
	objects = {

/* Begin PBXBuildFile section */
		A255DFB71F89EE0F007F0D1E /* TickerColumnManager.swift in Sources */ = {isa = PBXBuildFile; fileRef = A255DFB61F89EE0F007F0D1E /* TickerColumnManager.swift */; };
		A2C384441F70C377002DF494 /* TickerColumn.swift in Sources */ = {isa = PBXBuildFile; fileRef = A2C384431F70C377002DF494 /* TickerColumn.swift */; };
		A2C384461F70C442002DF494 /* TickerDrawMetrics.swift in Sources */ = {isa = PBXBuildFile; fileRef = A2C384451F70C442002DF494 /* TickerDrawMetrics.swift */; };
		A2E389931F6F8EDE00C7CAD0 /* AppDelegate.swift in Sources */ = {isa = PBXBuildFile; fileRef = A2E389921F6F8EDE00C7CAD0 /* AppDelegate.swift */; };
		A2E389951F6F8EDE00C7CAD0 /* ViewController.swift in Sources */ = {isa = PBXBuildFile; fileRef = A2E389941F6F8EDE00C7CAD0 /* ViewController.swift */; };
		A2E389981F6F8EDE00C7CAD0 /* Main.storyboard in Resources */ = {isa = PBXBuildFile; fileRef = A2E389961F6F8EDE00C7CAD0 /* Main.storyboard */; };
		A2E3899A1F6F8EDE00C7CAD0 /* Assets.xcassets in Resources */ = {isa = PBXBuildFile; fileRef = A2E389991F6F8EDE00C7CAD0 /* Assets.xcassets */; };
		A2E3899D1F6F8EDE00C7CAD0 /* LaunchScreen.storyboard in Resources */ = {isa = PBXBuildFile; fileRef = A2E3899B1F6F8EDE00C7CAD0 /* LaunchScreen.storyboard */; };
		A2E389A81F6F8EDE00C7CAD0 /* TickerTests.swift in Sources */ = {isa = PBXBuildFile; fileRef = A2E389A71F6F8EDE00C7CAD0 /* TickerTests.swift */; };
		A2E389B31F6F8EDE00C7CAD0 /* TickerUITests.swift in Sources */ = {isa = PBXBuildFile; fileRef = A2E389B21F6F8EDE00C7CAD0 /* TickerUITests.swift */; };
		A2E389C11F6F8F0000C7CAD0 /* LevenshteinDistance.swift in Sources */ = {isa = PBXBuildFile; fileRef = A2E389C01F6F8F0000C7CAD0 /* LevenshteinDistance.swift */; };
		A2E389C31F6F8F2100C7CAD0 /* LavenshteinDistanceTests.swift in Sources */ = {isa = PBXBuildFile; fileRef = A2E389C21F6F8F2100C7CAD0 /* LavenshteinDistanceTests.swift */; };
		A2E3CB901F7F489500FBD859 /* TickerDrawMetricsTests.swift in Sources */ = {isa = PBXBuildFile; fileRef = A2E3CB8F1F7F489500FBD859 /* TickerDrawMetricsTests.swift */; };
		A2E3CB921F806B3C00FBD859 /* TickerUtils.swift in Sources */ = {isa = PBXBuildFile; fileRef = A2E3CB911F806B3C00FBD859 /* TickerUtils.swift */; };
		A2E3CB941F80785B00FBD859 /* TickerUtilsTests.swift in Sources */ = {isa = PBXBuildFile; fileRef = A2E3CB931F80785B00FBD859 /* TickerUtilsTests.swift */; };
/* End PBXBuildFile section */

/* Begin PBXContainerItemProxy section */
		A2E389A41F6F8EDE00C7CAD0 /* PBXContainerItemProxy */ = {
			isa = PBXContainerItemProxy;
			containerPortal = A2E389871F6F8EDE00C7CAD0 /* Project object */;
			proxyType = 1;
			remoteGlobalIDString = A2E3898E1F6F8EDE00C7CAD0;
			remoteInfo = Ticker;
		};
		A2E389AF1F6F8EDE00C7CAD0 /* PBXContainerItemProxy */ = {
			isa = PBXContainerItemProxy;
			containerPortal = A2E389871F6F8EDE00C7CAD0 /* Project object */;
			proxyType = 1;
			remoteGlobalIDString = A2E3898E1F6F8EDE00C7CAD0;
			remoteInfo = Ticker;
		};
/* End PBXContainerItemProxy section */

/* Begin PBXFileReference section */
		A255DFB61F89EE0F007F0D1E /* TickerColumnManager.swift */ = {isa = PBXFileReference; lastKnownFileType = sourcecode.swift; path = TickerColumnManager.swift; sourceTree = "<group>"; };
		A2C384431F70C377002DF494 /* TickerColumn.swift */ = {isa = PBXFileReference; lastKnownFileType = sourcecode.swift; path = TickerColumn.swift; sourceTree = "<group>"; };
		A2C384451F70C442002DF494 /* TickerDrawMetrics.swift */ = {isa = PBXFileReference; lastKnownFileType = sourcecode.swift; path = TickerDrawMetrics.swift; sourceTree = "<group>"; };
		A2E3898F1F6F8EDE00C7CAD0 /* Ticker.app */ = {isa = PBXFileReference; explicitFileType = wrapper.application; includeInIndex = 0; path = Ticker.app; sourceTree = BUILT_PRODUCTS_DIR; };
		A2E389921F6F8EDE00C7CAD0 /* AppDelegate.swift */ = {isa = PBXFileReference; lastKnownFileType = sourcecode.swift; path = AppDelegate.swift; sourceTree = "<group>"; };
		A2E389941F6F8EDE00C7CAD0 /* ViewController.swift */ = {isa = PBXFileReference; lastKnownFileType = sourcecode.swift; path = ViewController.swift; sourceTree = "<group>"; };
		A2E389971F6F8EDE00C7CAD0 /* Base */ = {isa = PBXFileReference; lastKnownFileType = file.storyboard; name = Base; path = Base.lproj/Main.storyboard; sourceTree = "<group>"; };
		A2E389991F6F8EDE00C7CAD0 /* Assets.xcassets */ = {isa = PBXFileReference; lastKnownFileType = folder.assetcatalog; path = Assets.xcassets; sourceTree = "<group>"; };
		A2E3899C1F6F8EDE00C7CAD0 /* Base */ = {isa = PBXFileReference; lastKnownFileType = file.storyboard; name = Base; path = Base.lproj/LaunchScreen.storyboard; sourceTree = "<group>"; };
		A2E3899E1F6F8EDE00C7CAD0 /* Info.plist */ = {isa = PBXFileReference; lastKnownFileType = text.plist.xml; path = Info.plist; sourceTree = "<group>"; };
		A2E389A31F6F8EDE00C7CAD0 /* TickerTests.xctest */ = {isa = PBXFileReference; explicitFileType = wrapper.cfbundle; includeInIndex = 0; path = TickerTests.xctest; sourceTree = BUILT_PRODUCTS_DIR; };
		A2E389A71F6F8EDE00C7CAD0 /* TickerTests.swift */ = {isa = PBXFileReference; lastKnownFileType = sourcecode.swift; path = TickerTests.swift; sourceTree = "<group>"; };
		A2E389A91F6F8EDE00C7CAD0 /* Info.plist */ = {isa = PBXFileReference; lastKnownFileType = text.plist.xml; path = Info.plist; sourceTree = "<group>"; };
		A2E389AE1F6F8EDE00C7CAD0 /* TickerUITests.xctest */ = {isa = PBXFileReference; explicitFileType = wrapper.cfbundle; includeInIndex = 0; path = TickerUITests.xctest; sourceTree = BUILT_PRODUCTS_DIR; };
		A2E389B21F6F8EDE00C7CAD0 /* TickerUITests.swift */ = {isa = PBXFileReference; lastKnownFileType = sourcecode.swift; path = TickerUITests.swift; sourceTree = "<group>"; };
		A2E389B41F6F8EDE00C7CAD0 /* Info.plist */ = {isa = PBXFileReference; lastKnownFileType = text.plist.xml; path = Info.plist; sourceTree = "<group>"; };
		A2E389C01F6F8F0000C7CAD0 /* LevenshteinDistance.swift */ = {isa = PBXFileReference; lastKnownFileType = sourcecode.swift; path = LevenshteinDistance.swift; sourceTree = "<group>"; };
		A2E389C21F6F8F2100C7CAD0 /* LavenshteinDistanceTests.swift */ = {isa = PBXFileReference; lastKnownFileType = sourcecode.swift; path = LavenshteinDistanceTests.swift; sourceTree = "<group>"; };
		A2E3CB8F1F7F489500FBD859 /* TickerDrawMetricsTests.swift */ = {isa = PBXFileReference; lastKnownFileType = sourcecode.swift; path = TickerDrawMetricsTests.swift; sourceTree = "<group>"; };
		A2E3CB911F806B3C00FBD859 /* TickerUtils.swift */ = {isa = PBXFileReference; lastKnownFileType = sourcecode.swift; path = TickerUtils.swift; sourceTree = "<group>"; };
		A2E3CB931F80785B00FBD859 /* TickerUtilsTests.swift */ = {isa = PBXFileReference; lastKnownFileType = sourcecode.swift; path = TickerUtilsTests.swift; sourceTree = "<group>"; };
/* End PBXFileReference section */

/* Begin PBXFrameworksBuildPhase section */
		A2E3898C1F6F8EDE00C7CAD0 /* Frameworks */ = {
			isa = PBXFrameworksBuildPhase;
			buildActionMask = 2147483647;
			files = (
			);
			runOnlyForDeploymentPostprocessing = 0;
		};
		A2E389A01F6F8EDE00C7CAD0 /* Frameworks */ = {
			isa = PBXFrameworksBuildPhase;
			buildActionMask = 2147483647;
			files = (
			);
			runOnlyForDeploymentPostprocessing = 0;
		};
		A2E389AB1F6F8EDE00C7CAD0 /* Frameworks */ = {
			isa = PBXFrameworksBuildPhase;
			buildActionMask = 2147483647;
			files = (
			);
			runOnlyForDeploymentPostprocessing = 0;
		};
/* End PBXFrameworksBuildPhase section */

/* Begin PBXGroup section */
		A2E389861F6F8EDE00C7CAD0 = {
			isa = PBXGroup;
			children = (
				A2E389911F6F8EDE00C7CAD0 /* Ticker */,
				A2E389A61F6F8EDE00C7CAD0 /* TickerTests */,
				A2E389B11F6F8EDE00C7CAD0 /* TickerUITests */,
				A2E389901F6F8EDE00C7CAD0 /* Products */,
			);
			sourceTree = "<group>";
		};
		A2E389901F6F8EDE00C7CAD0 /* Products */ = {
			isa = PBXGroup;
			children = (
				A2E3898F1F6F8EDE00C7CAD0 /* Ticker.app */,
				A2E389A31F6F8EDE00C7CAD0 /* TickerTests.xctest */,
				A2E389AE1F6F8EDE00C7CAD0 /* TickerUITests.xctest */,
			);
			name = Products;
			sourceTree = "<group>";
		};
		A2E389911F6F8EDE00C7CAD0 /* Ticker */ = {
			isa = PBXGroup;
			children = (
				A2E389921F6F8EDE00C7CAD0 /* AppDelegate.swift */,
				A2E389941F6F8EDE00C7CAD0 /* ViewController.swift */,
				A2E389961F6F8EDE00C7CAD0 /* Main.storyboard */,
				A2E389991F6F8EDE00C7CAD0 /* Assets.xcassets */,
				A2E3899B1F6F8EDE00C7CAD0 /* LaunchScreen.storyboard */,
				A2E3899E1F6F8EDE00C7CAD0 /* Info.plist */,
				A2E389C01F6F8F0000C7CAD0 /* LevenshteinDistance.swift */,
				A2C384431F70C377002DF494 /* TickerColumn.swift */,
				A2C384451F70C442002DF494 /* TickerDrawMetrics.swift */,
				A2E3CB911F806B3C00FBD859 /* TickerUtils.swift */,
				A255DFB61F89EE0F007F0D1E /* TickerColumnManager.swift */,
			);
			path = Ticker;
			sourceTree = "<group>";
		};
		A2E389A61F6F8EDE00C7CAD0 /* TickerTests */ = {
			isa = PBXGroup;
			children = (
				A2E389A71F6F8EDE00C7CAD0 /* TickerTests.swift */,
				A2E389A91F6F8EDE00C7CAD0 /* Info.plist */,
				A2E389C21F6F8F2100C7CAD0 /* LavenshteinDistanceTests.swift */,
				A2E3CB8F1F7F489500FBD859 /* TickerDrawMetricsTests.swift */,
				A2E3CB931F80785B00FBD859 /* TickerUtilsTests.swift */,
			);
			path = TickerTests;
			sourceTree = "<group>";
		};
		A2E389B11F6F8EDE00C7CAD0 /* TickerUITests */ = {
			isa = PBXGroup;
			children = (
				A2E389B21F6F8EDE00C7CAD0 /* TickerUITests.swift */,
				A2E389B41F6F8EDE00C7CAD0 /* Info.plist */,
			);
			path = TickerUITests;
			sourceTree = "<group>";
		};
/* End PBXGroup section */

/* Begin PBXNativeTarget section */
		A2E3898E1F6F8EDE00C7CAD0 /* Ticker */ = {
			isa = PBXNativeTarget;
			buildConfigurationList = A2E389B71F6F8EDE00C7CAD0 /* Build configuration list for PBXNativeTarget "Ticker" */;
			buildPhases = (
				A2E3898B1F6F8EDE00C7CAD0 /* Sources */,
				A2E3898C1F6F8EDE00C7CAD0 /* Frameworks */,
				A2E3898D1F6F8EDE00C7CAD0 /* Resources */,
			);
			buildRules = (
			);
			dependencies = (
			);
			name = Ticker;
			productName = Ticker;
			productReference = A2E3898F1F6F8EDE00C7CAD0 /* Ticker.app */;
			productType = "com.apple.product-type.application";
		};
		A2E389A21F6F8EDE00C7CAD0 /* TickerTests */ = {
			isa = PBXNativeTarget;
			buildConfigurationList = A2E389BA1F6F8EDE00C7CAD0 /* Build configuration list for PBXNativeTarget "TickerTests" */;
			buildPhases = (
				A2E3899F1F6F8EDE00C7CAD0 /* Sources */,
				A2E389A01F6F8EDE00C7CAD0 /* Frameworks */,
				A2E389A11F6F8EDE00C7CAD0 /* Resources */,
			);
			buildRules = (
			);
			dependencies = (
				A2E389A51F6F8EDE00C7CAD0 /* PBXTargetDependency */,
			);
			name = TickerTests;
			productName = TickerTests;
			productReference = A2E389A31F6F8EDE00C7CAD0 /* TickerTests.xctest */;
			productType = "com.apple.product-type.bundle.unit-test";
		};
		A2E389AD1F6F8EDE00C7CAD0 /* TickerUITests */ = {
			isa = PBXNativeTarget;
			buildConfigurationList = A2E389BD1F6F8EDE00C7CAD0 /* Build configuration list for PBXNativeTarget "TickerUITests" */;
			buildPhases = (
				A2E389AA1F6F8EDE00C7CAD0 /* Sources */,
				A2E389AB1F6F8EDE00C7CAD0 /* Frameworks */,
				A2E389AC1F6F8EDE00C7CAD0 /* Resources */,
			);
			buildRules = (
			);
			dependencies = (
				A2E389B01F6F8EDE00C7CAD0 /* PBXTargetDependency */,
			);
			name = TickerUITests;
			productName = TickerUITests;
			productReference = A2E389AE1F6F8EDE00C7CAD0 /* TickerUITests.xctest */;
			productType = "com.apple.product-type.bundle.ui-testing";
		};
/* End PBXNativeTarget section */

/* Begin PBXProject section */
		A2E389871F6F8EDE00C7CAD0 /* Project object */ = {
			isa = PBXProject;
			attributes = {
				LastSwiftUpdateCheck = 0900;
				LastUpgradeCheck = 0900;
				ORGANIZATIONNAME = olddonkey;
				TargetAttributes = {
					A2E3898E1F6F8EDE00C7CAD0 = {
						CreatedOnToolsVersion = 9.0;
						ProvisioningStyle = Automatic;
					};
					A2E389A21F6F8EDE00C7CAD0 = {
						CreatedOnToolsVersion = 9.0;
						ProvisioningStyle = Automatic;
						TestTargetID = A2E3898E1F6F8EDE00C7CAD0;
					};
					A2E389AD1F6F8EDE00C7CAD0 = {
						CreatedOnToolsVersion = 9.0;
						ProvisioningStyle = Automatic;
						TestTargetID = A2E3898E1F6F8EDE00C7CAD0;
					};
				};
			};
			buildConfigurationList = A2E3898A1F6F8EDE00C7CAD0 /* Build configuration list for PBXProject "Ticker" */;
			compatibilityVersion = "Xcode 8.0";
			developmentRegion = en;
			hasScannedForEncodings = 0;
			knownRegions = (
				en,
				Base,
			);
			mainGroup = A2E389861F6F8EDE00C7CAD0;
			productRefGroup = A2E389901F6F8EDE00C7CAD0 /* Products */;
			projectDirPath = "";
			projectRoot = "";
			targets = (
				A2E3898E1F6F8EDE00C7CAD0 /* Ticker */,
				A2E389A21F6F8EDE00C7CAD0 /* TickerTests */,
				A2E389AD1F6F8EDE00C7CAD0 /* TickerUITests */,
			);
		};
/* End PBXProject section */

/* Begin PBXResourcesBuildPhase section */
		A2E3898D1F6F8EDE00C7CAD0 /* Resources */ = {
			isa = PBXResourcesBuildPhase;
			buildActionMask = 2147483647;
			files = (
				A2E3899D1F6F8EDE00C7CAD0 /* LaunchScreen.storyboard in Resources */,
				A2E3899A1F6F8EDE00C7CAD0 /* Assets.xcassets in Resources */,
				A2E389981F6F8EDE00C7CAD0 /* Main.storyboard in Resources */,
			);
			runOnlyForDeploymentPostprocessing = 0;
		};
		A2E389A11F6F8EDE00C7CAD0 /* Resources */ = {
			isa = PBXResourcesBuildPhase;
			buildActionMask = 2147483647;
			files = (
			);
			runOnlyForDeploymentPostprocessing = 0;
		};
		A2E389AC1F6F8EDE00C7CAD0 /* Resources */ = {
			isa = PBXResourcesBuildPhase;
			buildActionMask = 2147483647;
			files = (
			);
			runOnlyForDeploymentPostprocessing = 0;
		};
/* End PBXResourcesBuildPhase section */

/* Begin PBXSourcesBuildPhase section */
		A2E3898B1F6F8EDE00C7CAD0 /* Sources */ = {
			isa = PBXSourcesBuildPhase;
			buildActionMask = 2147483647;
			files = (
				A2C384461F70C442002DF494 /* TickerDrawMetrics.swift in Sources */,
				A2E389C11F6F8F0000C7CAD0 /* LevenshteinDistance.swift in Sources */,
				A255DFB71F89EE0F007F0D1E /* TickerColumnManager.swift in Sources */,
				A2C384441F70C377002DF494 /* TickerColumn.swift in Sources */,
				A2E3CB921F806B3C00FBD859 /* TickerUtils.swift in Sources */,
				A2E389951F6F8EDE00C7CAD0 /* ViewController.swift in Sources */,
				A2E389931F6F8EDE00C7CAD0 /* AppDelegate.swift in Sources */,
			);
			runOnlyForDeploymentPostprocessing = 0;
		};
		A2E3899F1F6F8EDE00C7CAD0 /* Sources */ = {
			isa = PBXSourcesBuildPhase;
			buildActionMask = 2147483647;
			files = (
				A2E3CB901F7F489500FBD859 /* TickerDrawMetricsTests.swift in Sources */,
				A2E389C31F6F8F2100C7CAD0 /* LavenshteinDistanceTests.swift in Sources */,
				A2E389A81F6F8EDE00C7CAD0 /* TickerTests.swift in Sources */,
				A2E3CB941F80785B00FBD859 /* TickerUtilsTests.swift in Sources */,
			);
			runOnlyForDeploymentPostprocessing = 0;
		};
		A2E389AA1F6F8EDE00C7CAD0 /* Sources */ = {
			isa = PBXSourcesBuildPhase;
			buildActionMask = 2147483647;
			files = (
				A2E389B31F6F8EDE00C7CAD0 /* TickerUITests.swift in Sources */,
			);
			runOnlyForDeploymentPostprocessing = 0;
		};
/* End PBXSourcesBuildPhase section */

/* Begin PBXTargetDependency section */
		A2E389A51F6F8EDE00C7CAD0 /* PBXTargetDependency */ = {
			isa = PBXTargetDependency;
			target = A2E3898E1F6F8EDE00C7CAD0 /* Ticker */;
			targetProxy = A2E389A41F6F8EDE00C7CAD0 /* PBXContainerItemProxy */;
		};
		A2E389B01F6F8EDE00C7CAD0 /* PBXTargetDependency */ = {
			isa = PBXTargetDependency;
			target = A2E3898E1F6F8EDE00C7CAD0 /* Ticker */;
			targetProxy = A2E389AF1F6F8EDE00C7CAD0 /* PBXContainerItemProxy */;
		};
/* End PBXTargetDependency section */

/* Begin PBXVariantGroup section */
		A2E389961F6F8EDE00C7CAD0 /* Main.storyboard */ = {
			isa = PBXVariantGroup;
			children = (
				A2E389971F6F8EDE00C7CAD0 /* Base */,
			);
			name = Main.storyboard;
			sourceTree = "<group>";
		};
		A2E3899B1F6F8EDE00C7CAD0 /* LaunchScreen.storyboard */ = {
			isa = PBXVariantGroup;
			children = (
				A2E3899C1F6F8EDE00C7CAD0 /* Base */,
			);
			name = LaunchScreen.storyboard;
			sourceTree = "<group>";
		};
/* End PBXVariantGroup section */

/* Begin XCBuildConfiguration section */
		A2E389B51F6F8EDE00C7CAD0 /* Debug */ = {
			isa = XCBuildConfiguration;
			buildSettings = {
				ALWAYS_SEARCH_USER_PATHS = NO;
				CLANG_ANALYZER_NONNULL = YES;
				CLANG_ANALYZER_NUMBER_OBJECT_CONVERSION = YES_AGGRESSIVE;
				CLANG_CXX_LANGUAGE_STANDARD = "gnu++14";
				CLANG_CXX_LIBRARY = "libc++";
				CLANG_ENABLE_MODULES = YES;
				CLANG_ENABLE_OBJC_ARC = YES;
				CLANG_WARN_BLOCK_CAPTURE_AUTORELEASING = YES;
				CLANG_WARN_BOOL_CONVERSION = YES;
				CLANG_WARN_COMMA = YES;
				CLANG_WARN_CONSTANT_CONVERSION = YES;
				CLANG_WARN_DIRECT_OBJC_ISA_USAGE = YES_ERROR;
				CLANG_WARN_DOCUMENTATION_COMMENTS = YES;
				CLANG_WARN_EMPTY_BODY = YES;
				CLANG_WARN_ENUM_CONVERSION = YES;
				CLANG_WARN_INFINITE_RECURSION = YES;
				CLANG_WARN_INT_CONVERSION = YES;
				CLANG_WARN_NON_LITERAL_NULL_CONVERSION = YES;
				CLANG_WARN_OBJC_LITERAL_CONVERSION = YES;
				CLANG_WARN_OBJC_ROOT_CLASS = YES_ERROR;
				CLANG_WARN_RANGE_LOOP_ANALYSIS = YES;
				CLANG_WARN_STRICT_PROTOTYPES = YES;
				CLANG_WARN_SUSPICIOUS_MOVE = YES;
				CLANG_WARN_UNGUARDED_AVAILABILITY = YES_AGGRESSIVE;
				CLANG_WARN_UNREACHABLE_CODE = YES;
				CLANG_WARN__DUPLICATE_METHOD_MATCH = YES;
				CODE_SIGN_IDENTITY = "iPhone Developer";
				COPY_PHASE_STRIP = NO;
				DEBUG_INFORMATION_FORMAT = dwarf;
				ENABLE_STRICT_OBJC_MSGSEND = YES;
				ENABLE_TESTABILITY = YES;
				GCC_C_LANGUAGE_STANDARD = gnu11;
				GCC_DYNAMIC_NO_PIC = NO;
				GCC_NO_COMMON_BLOCKS = YES;
				GCC_OPTIMIZATION_LEVEL = 0;
				GCC_PREPROCESSOR_DEFINITIONS = (
					"DEBUG=1",
					"$(inherited)",
				);
				GCC_WARN_64_TO_32_BIT_CONVERSION = YES;
				GCC_WARN_ABOUT_RETURN_TYPE = YES_ERROR;
				GCC_WARN_UNDECLARED_SELECTOR = YES;
				GCC_WARN_UNINITIALIZED_AUTOS = YES_AGGRESSIVE;
				GCC_WARN_UNUSED_FUNCTION = YES;
				GCC_WARN_UNUSED_VARIABLE = YES;
				IPHONEOS_DEPLOYMENT_TARGET = 11.0;
				MTL_ENABLE_DEBUG_INFO = YES;
				ONLY_ACTIVE_ARCH = YES;
				SDKROOT = iphoneos;
				SWIFT_ACTIVE_COMPILATION_CONDITIONS = DEBUG;
				SWIFT_OPTIMIZATION_LEVEL = "-Onone";
			};
			name = Debug;
		};
		A2E389B61F6F8EDE00C7CAD0 /* Release */ = {
			isa = XCBuildConfiguration;
			buildSettings = {
				ALWAYS_SEARCH_USER_PATHS = NO;
				CLANG_ANALYZER_NONNULL = YES;
				CLANG_ANALYZER_NUMBER_OBJECT_CONVERSION = YES_AGGRESSIVE;
				CLANG_CXX_LANGUAGE_STANDARD = "gnu++14";
				CLANG_CXX_LIBRARY = "libc++";
				CLANG_ENABLE_MODULES = YES;
				CLANG_ENABLE_OBJC_ARC = YES;
				CLANG_WARN_BLOCK_CAPTURE_AUTORELEASING = YES;
				CLANG_WARN_BOOL_CONVERSION = YES;
				CLANG_WARN_COMMA = YES;
				CLANG_WARN_CONSTANT_CONVERSION = YES;
				CLANG_WARN_DIRECT_OBJC_ISA_USAGE = YES_ERROR;
				CLANG_WARN_DOCUMENTATION_COMMENTS = YES;
				CLANG_WARN_EMPTY_BODY = YES;
				CLANG_WARN_ENUM_CONVERSION = YES;
				CLANG_WARN_INFINITE_RECURSION = YES;
				CLANG_WARN_INT_CONVERSION = YES;
				CLANG_WARN_NON_LITERAL_NULL_CONVERSION = YES;
				CLANG_WARN_OBJC_LITERAL_CONVERSION = YES;
				CLANG_WARN_OBJC_ROOT_CLASS = YES_ERROR;
				CLANG_WARN_RANGE_LOOP_ANALYSIS = YES;
				CLANG_WARN_STRICT_PROTOTYPES = YES;
				CLANG_WARN_SUSPICIOUS_MOVE = YES;
				CLANG_WARN_UNGUARDED_AVAILABILITY = YES_AGGRESSIVE;
				CLANG_WARN_UNREACHABLE_CODE = YES;
				CLANG_WARN__DUPLICATE_METHOD_MATCH = YES;
				CODE_SIGN_IDENTITY = "iPhone Developer";
				COPY_PHASE_STRIP = NO;
				DEBUG_INFORMATION_FORMAT = "dwarf-with-dsym";
				ENABLE_NS_ASSERTIONS = NO;
				ENABLE_STRICT_OBJC_MSGSEND = YES;
				GCC_C_LANGUAGE_STANDARD = gnu11;
				GCC_NO_COMMON_BLOCKS = YES;
				GCC_WARN_64_TO_32_BIT_CONVERSION = YES;
				GCC_WARN_ABOUT_RETURN_TYPE = YES_ERROR;
				GCC_WARN_UNDECLARED_SELECTOR = YES;
				GCC_WARN_UNINITIALIZED_AUTOS = YES_AGGRESSIVE;
				GCC_WARN_UNUSED_FUNCTION = YES;
				GCC_WARN_UNUSED_VARIABLE = YES;
				IPHONEOS_DEPLOYMENT_TARGET = 11.0;
				MTL_ENABLE_DEBUG_INFO = NO;
				SDKROOT = iphoneos;
				SWIFT_OPTIMIZATION_LEVEL = "-Owholemodule";
				VALIDATE_PRODUCT = YES;
			};
			name = Release;
		};
		A2E389B81F6F8EDE00C7CAD0 /* Debug */ = {
			isa = XCBuildConfiguration;
			buildSettings = {
				ASSETCATALOG_COMPILER_APPICON_NAME = AppIcon;
				CODE_SIGN_STYLE = Automatic;
				DEVELOPMENT_TEAM = KACMQNFS8H;
				INFOPLIST_FILE = Ticker/Info.plist;
				LD_RUNPATH_SEARCH_PATHS = "$(inherited) @executable_path/Frameworks";
				PRODUCT_BUNDLE_IDENTIFIER = com.olddonkey.Ticker;
				PRODUCT_NAME = "$(TARGET_NAME)";
				SWIFT_VERSION = 4.0;
				TARGETED_DEVICE_FAMILY = "1,2";
			};
			name = Debug;
		};
		A2E389B91F6F8EDE00C7CAD0 /* Release */ = {
			isa = XCBuildConfiguration;
			buildSettings = {
				ASSETCATALOG_COMPILER_APPICON_NAME = AppIcon;
				CODE_SIGN_STYLE = Automatic;
				DEVELOPMENT_TEAM = KACMQNFS8H;
				INFOPLIST_FILE = Ticker/Info.plist;
				LD_RUNPATH_SEARCH_PATHS = "$(inherited) @executable_path/Frameworks";
				PRODUCT_BUNDLE_IDENTIFIER = com.olddonkey.Ticker;
				PRODUCT_NAME = "$(TARGET_NAME)";
				SWIFT_VERSION = 4.0;
				TARGETED_DEVICE_FAMILY = "1,2";
			};
			name = Release;
		};
		A2E389BB1F6F8EDE00C7CAD0 /* Debug */ = {
			isa = XCBuildConfiguration;
			buildSettings = {
				ALWAYS_EMBED_SWIFT_STANDARD_LIBRARIES = YES;
				BUNDLE_LOADER = "$(TEST_HOST)";
				CODE_SIGN_STYLE = Automatic;
				DEVELOPMENT_TEAM = KACMQNFS8H;
				INFOPLIST_FILE = TickerTests/Info.plist;
				LD_RUNPATH_SEARCH_PATHS = "$(inherited) @executable_path/Frameworks @loader_path/Frameworks";
				PRODUCT_BUNDLE_IDENTIFIER = com.olddonkey.TickerTests;
				PRODUCT_NAME = "$(TARGET_NAME)";
				SWIFT_VERSION = 4.0;
				TARGETED_DEVICE_FAMILY = "1,2";
				TEST_HOST = "$(BUILT_PRODUCTS_DIR)/Ticker.app/Ticker";
			};
			name = Debug;
		};
		A2E389BC1F6F8EDE00C7CAD0 /* Release */ = {
			isa = XCBuildConfiguration;
			buildSettings = {
				ALWAYS_EMBED_SWIFT_STANDARD_LIBRARIES = YES;
				BUNDLE_LOADER = "$(TEST_HOST)";
				CODE_SIGN_STYLE = Automatic;
				DEVELOPMENT_TEAM = KACMQNFS8H;
				INFOPLIST_FILE = TickerTests/Info.plist;
				LD_RUNPATH_SEARCH_PATHS = "$(inherited) @executable_path/Frameworks @loader_path/Frameworks";
				PRODUCT_BUNDLE_IDENTIFIER = com.olddonkey.TickerTests;
				PRODUCT_NAME = "$(TARGET_NAME)";
				SWIFT_VERSION = 4.0;
				TARGETED_DEVICE_FAMILY = "1,2";
				TEST_HOST = "$(BUILT_PRODUCTS_DIR)/Ticker.app/Ticker";
			};
			name = Release;
		};
		A2E389BE1F6F8EDE00C7CAD0 /* Debug */ = {
			isa = XCBuildConfiguration;
			buildSettings = {
				ALWAYS_EMBED_SWIFT_STANDARD_LIBRARIES = YES;
				CODE_SIGN_STYLE = Automatic;
				DEVELOPMENT_TEAM = KACMQNFS8H;
				INFOPLIST_FILE = TickerUITests/Info.plist;
				LD_RUNPATH_SEARCH_PATHS = "$(inherited) @executable_path/Frameworks @loader_path/Frameworks";
				PRODUCT_BUNDLE_IDENTIFIER = com.olddonkey.TickerUITests;
				PRODUCT_NAME = "$(TARGET_NAME)";
				SWIFT_VERSION = 4.0;
				TARGETED_DEVICE_FAMILY = "1,2";
				TEST_TARGET_NAME = Ticker;
			};
			name = Debug;
		};
		A2E389BF1F6F8EDE00C7CAD0 /* Release */ = {
			isa = XCBuildConfiguration;
			buildSettings = {
				ALWAYS_EMBED_SWIFT_STANDARD_LIBRARIES = YES;
				CODE_SIGN_STYLE = Automatic;
				DEVELOPMENT_TEAM = KACMQNFS8H;
				INFOPLIST_FILE = TickerUITests/Info.plist;
				LD_RUNPATH_SEARCH_PATHS = "$(inherited) @executable_path/Frameworks @loader_path/Frameworks";
				PRODUCT_BUNDLE_IDENTIFIER = com.olddonkey.TickerUITests;
				PRODUCT_NAME = "$(TARGET_NAME)";
				SWIFT_VERSION = 4.0;
				TARGETED_DEVICE_FAMILY = "1,2";
				TEST_TARGET_NAME = Ticker;
			};
			name = Release;
		};
/* End XCBuildConfiguration section */

/* Begin XCConfigurationList section */
		A2E3898A1F6F8EDE00C7CAD0 /* Build configuration list for PBXProject "Ticker" */ = {
			isa = XCConfigurationList;
			buildConfigurations = (
				A2E389B51F6F8EDE00C7CAD0 /* Debug */,
				A2E389B61F6F8EDE00C7CAD0 /* Release */,
			);
			defaultConfigurationIsVisible = 0;
			defaultConfigurationName = Release;
		};
		A2E389B71F6F8EDE00C7CAD0 /* Build configuration list for PBXNativeTarget "Ticker" */ = {
			isa = XCConfigurationList;
			buildConfigurations = (
				A2E389B81F6F8EDE00C7CAD0 /* Debug */,
				A2E389B91F6F8EDE00C7CAD0 /* Release */,
			);
			defaultConfigurationIsVisible = 0;
			defaultConfigurationName = Release;
		};
		A2E389BA1F6F8EDE00C7CAD0 /* Build configuration list for PBXNativeTarget "TickerTests" */ = {
			isa = XCConfigurationList;
			buildConfigurations = (
				A2E389BB1F6F8EDE00C7CAD0 /* Debug */,
				A2E389BC1F6F8EDE00C7CAD0 /* Release */,
			);
			defaultConfigurationIsVisible = 0;
			defaultConfigurationName = Release;
		};
		A2E389BD1F6F8EDE00C7CAD0 /* Build configuration list for PBXNativeTarget "TickerUITests" */ = {
			isa = XCConfigurationList;
			buildConfigurations = (
				A2E389BE1F6F8EDE00C7CAD0 /* Debug */,
				A2E389BF1F6F8EDE00C7CAD0 /* Release */,
			);
			defaultConfigurationIsVisible = 0;
			defaultConfigurationName = Release;
		};
/* End XCConfigurationList section */
	};
	rootObject = A2E389871F6F8EDE00C7CAD0 /* Project object */;
}
